
Microsoft Visual Studio Solution File, Format Version 12.00
Project("{FAE04EC0-301F-11D3-BF4B-00C04F79EFBC}") = "AuthService", "AuthService\AuthService.csproj", "{9EFDC54D-081D-49D4-B11B-FCE0D8542FE0}"
EndProject
Project("{FAE04EC0-301F-11D3-BF4B-00C04F79EFBC}") = "ApiGateway", "ApiGateway\ApiGateway.csproj", "{480A3060-7324-41B4-9176-9DFA4398D072}"
EndProject
Project("{FAE04EC0-301F-11D3-BF4B-00C04F79EFBC}") = "UserService", "UserService\UserService.csproj", "{09165933-5184-4B88-A983-41FE78D29613}"
EndProject
Project("{FAE04EC0-301F-11D3-BF4B-00C04F79EFBC}") = "BikeService", "BikeService\BikeService.csproj", "{4223DECE-66F3-46A2-8733-B037CF26AE0B}"
EndProject
Project("{FAE04EC0-301F-11D3-BF4B-00C04F79EFBC}") = "RentalService", "RentalService\RentalService.csproj", "{BC545F7E-7CFE-4384-9755-154B4042D538}"
EndProject
Project("{FAE04EC0-301F-11D3-BF4B-00C04F79EFBC}") = "TravelService", "TravelService\TravelService.csproj", "{E2951609-FC3D-4CF9-9F51-98E8DF7EA177}"
EndProject
Project("{FAE04EC0-301F-11D3-BF4B-00C04F79EFBC}") = "FeedbackService", "FeedbackService\FeedbackService.csproj", "{82C3ADB4-D529-4356-A373-40D6E8405790}"
EndProject
Project("{FAE04EC0-301F-11D3-BF4B-00C04F79EFBC}") = "NotificationService", "NotificationService\NotificationService.csproj", "{0BF2C0EB-74C1-416A-B083-22A10A775C41}"
EndProject
Project("{FAE04EC0-301F-11D3-BF4B-00C04F79EFBC}") = "PaymentService", "PaymentService\PaymentService.csproj", "{3A2746F2-3DA9-4789-87E2-812AE00EBF0E}"
EndProject
Project("{FAE04EC0-301F-11D3-BF4B-00C04F79EFBC}") = "PaymentCalculatorService", "PaymentCalculatorService\PaymentCalculatorService.csproj", "{1E2F5EA2-FEDF-4CD9-A1E1-B8B5BA835274}"
EndProject
Project("{FAE04EC0-301F-11D3-BF4B-00C04F79EFBC}") = "PaymentValidatorService", "PaymentValidatorService\PaymentValidatorService.csproj", "{8CD93077-3223-4930-84A4-0B13C10D7908}"
EndProject
Project("{FAE04EC0-301F-11D3-BF4B-00C04F79EFBC}") = "TokenService", "TokenService\TokenService.csproj", "{7A649966-B01E-4D2D-B8C1-DA25D42D3BBA}"
EndProject
Project("{FAE04EC0-301F-11D3-BF4B-00C04F79EFBC}") = "DockService", "DockService\DockService.csproj", "{7BB57103-C5C1-49F9-BE7C-9AA64A5F379E}"
EndProject
Project("{FAE04EC0-301F-11D3-BF4B-00C04F79EFBC}") = "TestingService", "TestingService\TestingService.csproj", "{61FD0E33-8C5A-4B70-84DE-36F99B4C10D6}"
EndProject
Project("{FAE04EC0-301F-11D3-BF4B-00C04F79EFBC}") = "Common.Extensions", "Common.Extensions\Common.Extensions.csproj", "{60A73A5B-0DCC-47BB-8DA2-25E8D2DB7D01}"
EndProject
Project("{FAE04EC0-301F-11D3-BF4B-00C04F79EFBC}") = "Common.Models", "Common.Models\Common.Models.csproj", "{C800951D-BAE9-4879-8573-CDD342923E31}"
EndProject
Project("{FAE04EC0-301F-11D3-BF4B-00C04F79EFBC}") = "Common.Services", "Common.Services\Common.Services.csproj", "{C17A3916-249E-4B45-8368-F99D1868F98D}"
EndProject
Project("{FAE04EC0-301F-11D3-BF4B-00C04F79EFBC}") = "TravelEventService", "TravelEventService\TravelEventService.csproj", "{386DEB38-1D72-4458-86BF-C89892B3083D}"
EndProject
Project("{FAE04EC0-301F-11D3-BF4B-00C04F79EFBC}") = "Common.TravelEvent", "Common.TravelEvent\Common.TravelEvent.csproj", "{7DE608DF-24A0-416D-9D43-7575CD7A4143}"
EndProject
Project("{FAE04EC0-301F-11D3-BF4B-00C04F79EFBC}") = "RentalService.Tests", "RentalService.Tests\RentalService.Tests.csproj", "{7B38E6BD-5EFC-4BEA-BCDD-21981A53EF02}"
EndProject
Project("{FAE04EC0-301F-11D3-BF4B-00C04F79EFBC}") = "DockService.Tests", "DockService.Tests\DockService.Tests.csproj", "{D99D3565-26D5-497A-B3AF-079A66D7053D}"
EndProject
Project("{FAE04EC0-301F-11D3-BF4B-00C04F79EFBC}") = "DockInternalServiceEmulator", "DockInternalServiceEmulator\DockInternalServiceEmulator.csproj", "{73B1930D-DB41-4459-99C4-EAABEEB38F50}"
EndProject
Global
	GlobalSection(SolutionConfigurationPlatforms) = preSolution
		Debug|Any CPU = Debug|Any CPU
		Release|Any CPU = Release|Any CPU
	EndGlobalSection
	GlobalSection(ProjectConfigurationPlatforms) = postSolution
		{9EFDC54D-081D-49D4-B11B-FCE0D8542FE0}.Debug|Any CPU.ActiveCfg = Debug|Any CPU
		{9EFDC54D-081D-49D4-B11B-FCE0D8542FE0}.Debug|Any CPU.Build.0 = Debug|Any CPU
		{9EFDC54D-081D-49D4-B11B-FCE0D8542FE0}.Release|Any CPU.ActiveCfg = Release|Any CPU
		{9EFDC54D-081D-49D4-B11B-FCE0D8542FE0}.Release|Any CPU.Build.0 = Release|Any CPU
		{480A3060-7324-41B4-9176-9DFA4398D072}.Debug|Any CPU.ActiveCfg = Debug|Any CPU
		{480A3060-7324-41B4-9176-9DFA4398D072}.Debug|Any CPU.Build.0 = Debug|Any CPU
		{480A3060-7324-41B4-9176-9DFA4398D072}.Release|Any CPU.ActiveCfg = Release|Any CPU
		{480A3060-7324-41B4-9176-9DFA4398D072}.Release|Any CPU.Build.0 = Release|Any CPU
		{09165933-5184-4B88-A983-41FE78D29613}.Debug|Any CPU.ActiveCfg = Debug|Any CPU
		{09165933-5184-4B88-A983-41FE78D29613}.Debug|Any CPU.Build.0 = Debug|Any CPU
		{09165933-5184-4B88-A983-41FE78D29613}.Release|Any CPU.ActiveCfg = Release|Any CPU
		{09165933-5184-4B88-A983-41FE78D29613}.Release|Any CPU.Build.0 = Release|Any CPU
		{4223DECE-66F3-46A2-8733-B037CF26AE0B}.Debug|Any CPU.ActiveCfg = Debug|Any CPU
		{4223DECE-66F3-46A2-8733-B037CF26AE0B}.Debug|Any CPU.Build.0 = Debug|Any CPU
		{4223DECE-66F3-46A2-8733-B037CF26AE0B}.Release|Any CPU.ActiveCfg = Release|Any CPU
		{4223DECE-66F3-46A2-8733-B037CF26AE0B}.Release|Any CPU.Build.0 = Release|Any CPU
		{BC545F7E-7CFE-4384-9755-154B4042D538}.Debug|Any CPU.ActiveCfg = Debug|Any CPU
		{BC545F7E-7CFE-4384-9755-154B4042D538}.Debug|Any CPU.Build.0 = Debug|Any CPU
		{BC545F7E-7CFE-4384-9755-154B4042D538}.Release|Any CPU.ActiveCfg = Release|Any CPU
		{BC545F7E-7CFE-4384-9755-154B4042D538}.Release|Any CPU.Build.0 = Release|Any CPU
		{E2951609-FC3D-4CF9-9F51-98E8DF7EA177}.Debug|Any CPU.ActiveCfg = Debug|Any CPU
		{E2951609-FC3D-4CF9-9F51-98E8DF7EA177}.Debug|Any CPU.Build.0 = Debug|Any CPU
		{E2951609-FC3D-4CF9-9F51-98E8DF7EA177}.Release|Any CPU.ActiveCfg = Release|Any CPU
		{E2951609-FC3D-4CF9-9F51-98E8DF7EA177}.Release|Any CPU.Build.0 = Release|Any CPU
		{82C3ADB4-D529-4356-A373-40D6E8405790}.Debug|Any CPU.ActiveCfg = Debug|Any CPU
		{82C3ADB4-D529-4356-A373-40D6E8405790}.Debug|Any CPU.Build.0 = Debug|Any CPU
		{82C3ADB4-D529-4356-A373-40D6E8405790}.Release|Any CPU.ActiveCfg = Release|Any CPU
		{82C3ADB4-D529-4356-A373-40D6E8405790}.Release|Any CPU.Build.0 = Release|Any CPU
		{0BF2C0EB-74C1-416A-B083-22A10A775C41}.Debug|Any CPU.ActiveCfg = Debug|Any CPU
		{0BF2C0EB-74C1-416A-B083-22A10A775C41}.Debug|Any CPU.Build.0 = Debug|Any CPU
		{0BF2C0EB-74C1-416A-B083-22A10A775C41}.Release|Any CPU.ActiveCfg = Release|Any CPU
		{0BF2C0EB-74C1-416A-B083-22A10A775C41}.Release|Any CPU.Build.0 = Release|Any CPU
		{3A2746F2-3DA9-4789-87E2-812AE00EBF0E}.Debug|Any CPU.ActiveCfg = Debug|Any CPU
		{3A2746F2-3DA9-4789-87E2-812AE00EBF0E}.Debug|Any CPU.Build.0 = Debug|Any CPU
		{3A2746F2-3DA9-4789-87E2-812AE00EBF0E}.Release|Any CPU.ActiveCfg = Release|Any CPU
		{3A2746F2-3DA9-4789-87E2-812AE00EBF0E}.Release|Any CPU.Build.0 = Release|Any CPU
		{1E2F5EA2-FEDF-4CD9-A1E1-B8B5BA835274}.Debug|Any CPU.ActiveCfg = Debug|Any CPU
		{1E2F5EA2-FEDF-4CD9-A1E1-B8B5BA835274}.Debug|Any CPU.Build.0 = Debug|Any CPU
		{1E2F5EA2-FEDF-4CD9-A1E1-B8B5BA835274}.Release|Any CPU.ActiveCfg = Release|Any CPU
		{1E2F5EA2-FEDF-4CD9-A1E1-B8B5BA835274}.Release|Any CPU.Build.0 = Release|Any CPU
		{8CD93077-3223-4930-84A4-0B13C10D7908}.Debug|Any CPU.ActiveCfg = Debug|Any CPU
		{8CD93077-3223-4930-84A4-0B13C10D7908}.Debug|Any CPU.Build.0 = Debug|Any CPU
		{8CD93077-3223-4930-84A4-0B13C10D7908}.Release|Any CPU.ActiveCfg = Release|Any CPU
		{8CD93077-3223-4930-84A4-0B13C10D7908}.Release|Any CPU.Build.0 = Release|Any CPU
		{7A649966-B01E-4D2D-B8C1-DA25D42D3BBA}.Debug|Any CPU.ActiveCfg = Debug|Any CPU
		{7A649966-B01E-4D2D-B8C1-DA25D42D3BBA}.Debug|Any CPU.Build.0 = Debug|Any CPU
		{7A649966-B01E-4D2D-B8C1-DA25D42D3BBA}.Release|Any CPU.ActiveCfg = Release|Any CPU
		{7A649966-B01E-4D2D-B8C1-DA25D42D3BBA}.Release|Any CPU.Build.0 = Release|Any CPU
		{7BB57103-C5C1-49F9-BE7C-9AA64A5F379E}.Debug|Any CPU.ActiveCfg = Debug|Any CPU
		{7BB57103-C5C1-49F9-BE7C-9AA64A5F379E}.Debug|Any CPU.Build.0 = Debug|Any CPU
		{7BB57103-C5C1-49F9-BE7C-9AA64A5F379E}.Release|Any CPU.ActiveCfg = Release|Any CPU
		{7BB57103-C5C1-49F9-BE7C-9AA64A5F379E}.Release|Any CPU.Build.0 = Release|Any CPU
		{61FD0E33-8C5A-4B70-84DE-36F99B4C10D6}.Debug|Any CPU.ActiveCfg = Debug|Any CPU
		{61FD0E33-8C5A-4B70-84DE-36F99B4C10D6}.Debug|Any CPU.Build.0 = Debug|Any CPU
		{61FD0E33-8C5A-4B70-84DE-36F99B4C10D6}.Release|Any CPU.ActiveCfg = Release|Any CPU
		{61FD0E33-8C5A-4B70-84DE-36F99B4C10D6}.Release|Any CPU.Build.0 = Release|Any CPU
		{60A73A5B-0DCC-47BB-8DA2-25E8D2DB7D01}.Debug|Any CPU.ActiveCfg = Debug|Any CPU
		{60A73A5B-0DCC-47BB-8DA2-25E8D2DB7D01}.Debug|Any CPU.Build.0 = Debug|Any CPU
		{60A73A5B-0DCC-47BB-8DA2-25E8D2DB7D01}.Release|Any CPU.ActiveCfg = Release|Any CPU
		{60A73A5B-0DCC-47BB-8DA2-25E8D2DB7D01}.Release|Any CPU.Build.0 = Release|Any CPU
		{C800951D-BAE9-4879-8573-CDD342923E31}.Debug|Any CPU.ActiveCfg = Debug|Any CPU
		{C800951D-BAE9-4879-8573-CDD342923E31}.Debug|Any CPU.Build.0 = Debug|Any CPU
		{C800951D-BAE9-4879-8573-CDD342923E31}.Release|Any CPU.ActiveCfg = Release|Any CPU
		{C800951D-BAE9-4879-8573-CDD342923E31}.Release|Any CPU.Build.0 = Release|Any CPU
		{C17A3916-249E-4B45-8368-F99D1868F98D}.Debug|Any CPU.ActiveCfg = Debug|Any CPU
		{C17A3916-249E-4B45-8368-F99D1868F98D}.Debug|Any CPU.Build.0 = Debug|Any CPU
		{C17A3916-249E-4B45-8368-F99D1868F98D}.Release|Any CPU.ActiveCfg = Release|Any CPU
		{C17A3916-249E-4B45-8368-F99D1868F98D}.Release|Any CPU.Build.0 = Release|Any CPU
		{386DEB38-1D72-4458-86BF-C89892B3083D}.Debug|Any CPU.ActiveCfg = Debug|Any CPU
		{386DEB38-1D72-4458-86BF-C89892B3083D}.Debug|Any CPU.Build.0 = Debug|Any CPU
		{386DEB38-1D72-4458-86BF-C89892B3083D}.Release|Any CPU.ActiveCfg = Release|Any CPU
		{386DEB38-1D72-4458-86BF-C89892B3083D}.Release|Any CPU.Build.0 = Release|Any CPU
		{7DE608DF-24A0-416D-9D43-7575CD7A4143}.Debug|Any CPU.ActiveCfg = Debug|Any CPU
		{7DE608DF-24A0-416D-9D43-7575CD7A4143}.Debug|Any CPU.Build.0 = Debug|Any CPU
		{7DE608DF-24A0-416D-9D43-7575CD7A4143}.Release|Any CPU.ActiveCfg = Release|Any CPU
		{7DE608DF-24A0-416D-9D43-7575CD7A4143}.Release|Any CPU.Build.0 = Release|Any CPU
		{7B38E6BD-5EFC-4BEA-BCDD-21981A53EF02}.Debug|Any CPU.ActiveCfg = Debug|Any CPU
		{7B38E6BD-5EFC-4BEA-BCDD-21981A53EF02}.Debug|Any CPU.Build.0 = Debug|Any CPU
		{7B38E6BD-5EFC-4BEA-BCDD-21981A53EF02}.Release|Any CPU.ActiveCfg = Release|Any CPU
		{7B38E6BD-5EFC-4BEA-BCDD-21981A53EF02}.Release|Any CPU.Build.0 = Release|Any CPU
		{D99D3565-26D5-497A-B3AF-079A66D7053D}.Debug|Any CPU.ActiveCfg = Debug|Any CPU
		{D99D3565-26D5-497A-B3AF-079A66D7053D}.Debug|Any CPU.Build.0 = Debug|Any CPU
		{D99D3565-26D5-497A-B3AF-079A66D7053D}.Release|Any CPU.ActiveCfg = Release|Any CPU
		{D99D3565-26D5-497A-B3AF-079A66D7053D}.Release|Any CPU.Build.0 = Release|Any CPU
		{73B1930D-DB41-4459-99C4-EAABEEB38F50}.Debug|Any CPU.ActiveCfg = Debug|Any CPU
		{73B1930D-DB41-4459-99C4-EAABEEB38F50}.Debug|Any CPU.Build.0 = Debug|Any CPU
		{73B1930D-DB41-4459-99C4-EAABEEB38F50}.Release|Any CPU.ActiveCfg = Release|Any CPU
		{73B1930D-DB41-4459-99C4-EAABEEB38F50}.Release|Any CPU.Build.0 = Release|Any CPU
	EndGlobalSection
EndGlobal
